PODS:
  - LGAlertView (2.4.0)
  - OMGHTTPURLRQ (2.1.3):
    - OMGHTTPURLRQ/RQ (= 2.1.3)
  - OMGHTTPURLRQ/FormURLEncode (2.1.3)
  - OMGHTTPURLRQ/RQ (2.1.3):
    - OMGHTTPURLRQ/FormURLEncode
    - OMGHTTPURLRQ/UserAgent
  - OMGHTTPURLRQ/UserAgent (2.1.3)
  - PromiseKit (1.7.2):
    - PromiseKit/CALayer (= 1.7.2)
    - PromiseKit/NSNotificationCenter (= 1.7.2)
    - PromiseKit/NSURLConnection (= 1.7.2)
    - PromiseKit/Pause (= 1.7.2)
    - PromiseKit/UIActionSheet (= 1.7.2)
    - PromiseKit/UIAlertView (= 1.7.2)
    - PromiseKit/UIView (= 1.7.2)
    - PromiseKit/UIViewController (= 1.7.2)
    - PromiseKit/Until (= 1.7.2)
    - PromiseKit/When (= 1.7.2)
  - PromiseKit/CALayer (1.7.2):
    - PromiseKit/Promise
  - PromiseKit/NSNotificationCenter (1.7.2):
    - PromiseKit/Promise
  - PromiseKit/NSURLConnection (1.7.2):
    - OMGHTTPURLRQ (~> 2.1)
    - PromiseKit/Promise
  - PromiseKit/Pause (1.7.2):
    - PromiseKit/Promise
  - PromiseKit/Promise (1.7.2)
  - PromiseKit/UIActionSheet (1.7.2):
    - PromiseKit/Promise
  - PromiseKit/UIAlertView (1.7.2):
    - PromiseKit/Promise
  - PromiseKit/UIView (1.7.2):
    - PromiseKit/Promise
  - PromiseKit/UIViewController (1.7.2):
    - PromiseKit/Promise
  - PromiseKit/Until (1.7.2):
    - PromiseKit/Promise
    - PromiseKit/When
  - PromiseKit/When (1.7.2):
    - PromiseKit/Promise
  - TOWebViewController (2.2.6):
    - TOWebViewController/Core (= 2.2.6)
  - TOWebViewController/Core (2.2.6)

DEPENDENCIES:
  - LGAlertView (from `https://github.com/Lessica/LGAlertView.git`, branch `old-device`)
  - PromiseKit (~> 1.0)
  - TOWebViewController (from `../TOWebViewController`)

EXTERNAL SOURCES:
  LGAlertView:
    :branch: old-device
    :git: https://github.com/Lessica/LGAlertView.git
  TOWebViewController:
    :path: ../TOWebViewController

CHECKOUT OPTIONS:
  LGAlertView:
    :commit: ee0e4294b4dcffdab829b4d0c5a6fa523a1c0c94
    :git: https://github.com/Lessica/LGAlertView.git

SPEC CHECKSUMS:
  LGAlertView: b81455d5fbf31351df682fdd755b650c4f9b719d
  OMGHTTPURLRQ: c4268dea4295b585d711055dbcd87bfa82badd5f
  PromiseKit: 102844c7b5ccff53f693e0710365c445d8df3871
  TOWebViewController: 889ed1a70106e57541fd86f065855cc437763b15

PODFILE CHECKSUM: 155fd453c4429f93fb373f054c992e68b0c14eb6

COCOAPODS: 1.3.1
