PODS:
  - JSONModel (1.8.0)
  - LGAlertView (2.4.0)
  - MWPhotoBrowser (2.1.2)
  - OMGHTTPURLRQ (3.2.4):
    - OMGHTTPURLRQ/RQ (= 3.2.4)
  - OMGHTTPURLRQ/FormURLEncode (3.2.4)
  - OMGHTTPURLRQ/RQ (3.2.4):
    - OMGHTTPURLRQ/FormURLEncode
    - OMGHTTPURLRQ/UserAgent
  - OMGHTTPURLRQ/UserAgent (3.2.4)
  - PromiseKit (1.7.7):
    - PromiseKit/CALayer (= 1.7.7)
    - PromiseKit/NSNotificationCenter (= 1.7.7)
    - PromiseKit/NSURLConnection (= 1.7.7)
    - PromiseKit/Pause (= 1.7.7)
    - PromiseKit/UIActionSheet (= 1.7.7)
    - PromiseKit/UIAlertView (= 1.7.7)
    - PromiseKit/UIView (= 1.7.7)
    - PromiseKit/UIViewController (= 1.7.7)
    - PromiseKit/Until (= 1.7.7)
    - PromiseKit/When (= 1.7.7)
  - PromiseKit/CALayer (1.7.7):
    - PromiseKit/Promise
  - PromiseKit/NSNotificationCenter (1.7.7):
    - PromiseKit/Promise
  - PromiseKit/NSURLConnection (1.7.7):
    - OMGHTTPURLRQ (~> 3.2)
    - PromiseKit/Promise
  - PromiseKit/Pause (1.7.7):
    - PromiseKit/Promise
  - PromiseKit/Promise (1.7.7)
  - PromiseKit/UIActionSheet (1.7.7):
    - PromiseKit/Promise
  - PromiseKit/UIAlertView (1.7.7):
    - PromiseKit/Promise
  - PromiseKit/UIView (1.7.7):
    - PromiseKit/Promise
  - PromiseKit/UIViewController (1.7.7):
    - PromiseKit/Promise
  - PromiseKit/Until (1.7.7):
    - PromiseKit/Promise
    - PromiseKit/When
  - PromiseKit/When (1.7.7):
    - PromiseKit/Promise
  - SOZOChromoplast (0.0.3)
  - YYCache (1.0.4)
  - YYImage (1.0.4):
    - YYImage/Core (= 1.0.4)
  - YYImage/Core (1.0.4)

DEPENDENCIES:
  - JSONModel
  - LGAlertView (from `../LGAlertView`)
  - MWPhotoBrowser (from `../MWPhotoBrowser`)
  - OMGHTTPURLRQ
  - PromiseKit (~> 1.7)
  - SOZOChromoplast
  - YYCache
  - YYImage (~> 1.0.4)

SPEC REPOS:
  trunk:
    - JSONModel
    - OMGHTTPURLRQ
    - PromiseKit
    - SOZOChromoplast
    - YYCache
    - YYImage

EXTERNAL SOURCES:
  LGAlertView:
    :path: "../LGAlertView"
  MWPhotoBrowser:
    :path: "../MWPhotoBrowser"

SPEC CHECKSUMS:
  JSONModel: 02ab723958366a3fd27da57ea2af2113658762e9
  LGAlertView: b81455d5fbf31351df682fdd755b650c4f9b719d
  MWPhotoBrowser: bdccb6812ea62d8d6966d7f0c0f998b9629f8b7f
  OMGHTTPURLRQ: 9ac96bdf5c90a33f75836630729ea1adc312a9ed
  PromiseKit: 9007df2f9e2ef725467084ab3880cf932ab935a4
  SOZOChromoplast: 8902f554d852844c2025b26558d3322f8fae668d
  YYCache: 8105b6638f5e849296c71f331ff83891a4942952
  YYImage: 1e1b62a9997399593e4b9c4ecfbbabbf1d3f3b54

PODFILE CHECKSUM: 57231d30afedc3487dcfece46e4634cb59e54f0a

COCOAPODS: 1.11.3
